<?xml version="1.0" encoding="utf-8"?>
<Project ToolsVersion="4.0" xmlns="http://schemas.microsoft.com/developer/msbuild/2003">
  <ItemGroup>
    <Filter Include="00 시작하기">
      <UniqueIdentifier>{4FC737F1-C7A5-4376-A066-2A32D752A2FF}</UniqueIdentifier>
      <Extensions>cpp;c;cc;cxx;def;odl;idl;hpj;bat;asm;asmx</Extensions>
    </Filter>
    <Filter Include="00 시작하기\0.5 연결리스트">
      <UniqueIdentifier>{c7c10e4e-17a9-4219-a904-eca6baa5b06c}</UniqueIdentifier>
    </Filter>
    <Filter Include="00 시작하기\0.4 은행 대기번호 관리">
      <UniqueIdentifier>{460f9e95-e666-4eec-9d85-b8a4c450f572}</UniqueIdentifier>
    </Filter>
    <Filter Include="00 시작하기\0.3 배열 회전">
      <UniqueIdentifier>{e70c103d-6d49-4925-a532-e40646edfa2a}</UniqueIdentifier>
    </Filter>
    <Filter Include="00 시작하기\0.2 두 변수의 값 바꾸기">
      <UniqueIdentifier>{b8159755-53f7-4809-bba9-9454441e36dc}</UniqueIdentifier>
    </Filter>
    <Filter Include="00 시작하기\0.1 최대와 최소">
      <UniqueIdentifier>{4f9495e3-c579-49a6-82b4-999fa919ec2d}</UniqueIdentifier>
    </Filter>
    <Filter Include="01 재귀적 프로그래밍">
      <UniqueIdentifier>{057b4e8e-ed15-4a9e-9af8-8f5302222632}</UniqueIdentifier>
    </Filter>
    <Filter Include="01 재귀적 프로그래밍\1.5 금액 맞추기">
      <UniqueIdentifier>{4568f1e7-4644-4021-8b38-4410a2323f67}</UniqueIdentifier>
    </Filter>
  </ItemGroup>
  <ItemGroup>
    <ClCompile Include="1.5.c">
      <Filter>01 재귀적 프로그래밍\1.5 금액 맞추기</Filter>
    </ClCompile>
    <ClCompile Include="0.3.c">
      <Filter>00 시작하기\0.3 배열 회전</Filter>
    </ClCompile>
    <ClCompile Include="0.2.c">
      <Filter>00 시작하기\0.2 두 변수의 값 바꾸기</Filter>
    </ClCompile>
    <ClCompile Include="0.1.c">
      <Filter>00 시작하기\0.1 최대와 최소</Filter>
    </ClCompile>
    <ClCompile Include="array_circlequeue.c">
      <Filter>00 시작하기\0.4 은행 대기번호 관리</Filter>
    </ClCompile>
    <ClCompile Include="array_queue.c">
      <Filter>00 시작하기\0.4 은행 대기번호 관리</Filter>
    </ClCompile>
    <ClCompile Include="array_stack.c">
      <Filter>00 시작하기\0.4 은행 대기번호 관리</Filter>
    </ClCompile>
  </ItemGroup>
</Project>